
Microsoft Visual Studio Solution File, Format Version 12.00
# Visual Studio Version 17
VisualStudioVersion = 17.3.32804.467
MinimumVisualStudioVersion = 10.0.40219.1
Project("{FAE04EC0-301F-11D3-BF4B-00C04F79EFBC}") = "DonBanano", "DonBanano.csproj", "{2F352F5E-414C-4618-8566-BAF0847F0E8F}"
EndProject
Global
	GlobalSection(SolutionConfigurationPlatforms) = preSolution
		Debug|Any CPU = Debug|Any CPU
		Release|Any CPU = Release|Any CPU
	EndGlobalSection
	GlobalSection(ProjectConfigurationPlatforms) = postSolution
		{2F352F5E-414C-4618-8566-BAF0847F0E8F}.Debug|Any CPU.ActiveCfg = Debug|Any CPU
		{2F352F5E-414C-4618-8566-BAF0847F0E8F}.Debug|Any CPU.Build.0 = Debug|Any CPU
		{2F352F5E-414C-4618-8566-BAF0847F0E8F}.Release|Any CPU.ActiveCfg = Release|Any CPU
		{2F352F5E-414C-4618-8566-BAF0847F0E8F}.Release|Any CPU.Build.0 = Release|Any CPU
	EndGlobalSection
	GlobalSection(SolutionProperties) = preSolution
		HideSolutionNode = FALSE
	EndGlobalSection
	GlobalSection(ExtensibilityGlobals) = postSolution
		SolutionGuid = {04913B01-2A65-4B39-95D0-47B14126EE5F}
	EndGlobalSection
EndGlobal
